
Microsoft Visual Studio Solution File, Format Version 12.00
# Visual Studio Version 16
VisualStudioVersion = 16.0.32106.194
MinimumVisualStudioVersion = 10.0.40219.1
Project("{9A19103F-16F7-4668-BE54-9A1E7A4F7556}") = "MoodAnalyser", "MoodAnalyser.csproj", "{87B8C3FF-EFE2-402C-8E32-ABDD7D3960F2}"
EndProject
Project("{FAE04EC0-301F-11D3-BF4B-00C04F79EFBC}") = "MoodAnalyserTesting", "MoodAnalyserTesting\MoodAnalyserTesting.csproj", "{DD4FE950-0171-447E-A8D2-9159E23DDB78}"
EndProject
Global
	GlobalSection(SolutionConfigurationPlatforms) = preSolution
		Debug|Any CPU = Debug|Any CPU
		Release|Any CPU = Release|Any CPU
	EndGlobalSection
	GlobalSection(ProjectConfigurationPlatforms) = postSolution
		{87B8C3FF-EFE2-402C-8E32-ABDD7D3960F2}.Debug|Any CPU.ActiveCfg = Debug|Any CPU
		{87B8C3FF-EFE2-402C-8E32-ABDD7D3960F2}.Debug|Any CPU.Build.0 = Debug|Any CPU
		{87B8C3FF-EFE2-402C-8E32-ABDD7D3960F2}.Release|Any CPU.ActiveCfg = Release|Any CPU
		{87B8C3FF-EFE2-402C-8E32-ABDD7D3960F2}.Release|Any CPU.Build.0 = Release|Any CPU
		{DD4FE950-0171-447E-A8D2-9159E23DDB78}.Debug|Any CPU.ActiveCfg = Debug|Any CPU
		{DD4FE950-0171-447E-A8D2-9159E23DDB78}.Debug|Any CPU.Build.0 = Debug|Any CPU
		{DD4FE950-0171-447E-A8D2-9159E23DDB78}.Release|Any CPU.ActiveCfg = Release|Any CPU
		{DD4FE950-0171-447E-A8D2-9159E23DDB78}.Release|Any CPU.Build.0 = Release|Any CPU
	EndGlobalSection
	GlobalSection(SolutionProperties) = preSolution
		HideSolutionNode = FALSE
	EndGlobalSection
	GlobalSection(ExtensibilityGlobals) = postSolution
		SolutionGuid = {B9C995DD-28D5-4196-9846-BC040B1141EE}
	EndGlobalSection
EndGlobal
